
Microsoft Visual Studio Solution File, Format Version 12.00
# Visual Studio Version 17
VisualStudioVersion = 17.0.32014.148
MinimumVisualStudioVersion = 10.0.40219.1
Project("{9A19103F-16F7-4668-BE54-9A1E7A4F7556}") = "KataAttemptFour", "KataAttemptFour\KataAttemptFour.csproj", "{76FE78B9-0006-4C8F-AFB4-75ECBD68DC54}"
EndProject
Project("{9A19103F-16F7-4668-BE54-9A1E7A4F7556}") = "KataAttemptFourTest", "KataAttemptFourTest\KataAttemptFourTest.csproj", "{56B6F18E-4209-4000-B31E-83751AF54D98}"
EndProject
Project("{2150E333-8FDC-42A3-9474-1A3956D46DE8}") = "Solution Items", "Solution Items", "{54585ADF-D2BA-4CFE-8AA3-0F40BF82158B}"
	ProjectSection(SolutionItems) = preProject
		.gitignore = .gitignore
	EndProjectSection
EndProject
Global
	GlobalSection(SolutionConfigurationPlatforms) = preSolution
		Debug|Any CPU = Debug|Any CPU
		Release|Any CPU = Release|Any CPU
	EndGlobalSection
	GlobalSection(ProjectConfigurationPlatforms) = postSolution
		{76FE78B9-0006-4C8F-AFB4-75ECBD68DC54}.Debug|Any CPU.ActiveCfg = Debug|Any CPU
		{76FE78B9-0006-4C8F-AFB4-75ECBD68DC54}.Debug|Any CPU.Build.0 = Debug|Any CPU
		{76FE78B9-0006-4C8F-AFB4-75ECBD68DC54}.Release|Any CPU.ActiveCfg = Release|Any CPU
		{76FE78B9-0006-4C8F-AFB4-75ECBD68DC54}.Release|Any CPU.Build.0 = Release|Any CPU
		{56B6F18E-4209-4000-B31E-83751AF54D98}.Debug|Any CPU.ActiveCfg = Debug|Any CPU
		{56B6F18E-4209-4000-B31E-83751AF54D98}.Debug|Any CPU.Build.0 = Debug|Any CPU
		{56B6F18E-4209-4000-B31E-83751AF54D98}.Release|Any CPU.ActiveCfg = Release|Any CPU
		{56B6F18E-4209-4000-B31E-83751AF54D98}.Release|Any CPU.Build.0 = Release|Any CPU
	EndGlobalSection
	GlobalSection(SolutionProperties) = preSolution
		HideSolutionNode = FALSE
	EndGlobalSection
	GlobalSection(ExtensibilityGlobals) = postSolution
		SolutionGuid = {1B49DAC3-D64C-4ED6-B925-00A416672887}
	EndGlobalSection
EndGlobal
